# Generated by pub
# See https://dart.dev/tools/pub/glossary#lockfile
packages:
  characters:
    dependency: transitive
    description:
      name: characters
      sha256: e6a326c8af69605aec75ed6c187d06b349707a27fbff8222ca9cc2cff167975c
      url: "https://pub.dev"
    source: hosted
    version: "1.2.1"
  collection:
    dependency: "direct main"
    description:
      name: collection
      sha256: "4a07be6cb69c84d677a6c3096fcf960cc3285a8330b4603e0d463d15d9bd934c"
      url: "https://pub.dev"
    source: hosted
    version: "1.17.1"
  cupertino_icons:
    dependency: "direct main"
    description:
      name: cupertino_icons
      sha256: e35129dc44c9118cee2a5603506d823bab99c68393879edb440e0090d07586be
      url: "https://pub.dev"
    source: hosted
    version: "1.0.5"
  flame:
    dependency: "direct main"
    description:
      name: flame
      sha256: "400b10d146e0f6c88975087d7a52963937c8958789803161fad9ab39bfd16697"
      url: "https://pub.dev"
    source: hosted
    version: "1.1.1"
  flutter:
    dependency: "direct main"
    description: flutter
    source: sdk
    version: "0.0.0"
  flutter_web_plugins:
    dependency: transitive
    description: flutter
    source: sdk
    version: "0.0.0"
  js:
    dependency: transitive
    description:
      name: js
      sha256: f2c445dce49627136094980615a031419f7f3eb393237e4ecd97ac15dea343f3
      url: "https://pub.dev"
    source: hosted
    version: "0.6.7"
  material_color_utilities:
    dependency: transitive
    description:
      name: material_color_utilities
      sha256: d92141dc6fe1dad30722f9aa826c7fbc896d021d792f80678280601aff8cf724
      url: "https://pub.dev"
    source: hosted
    version: "0.2.0"
  meta:
    dependency: transitive
    description:
      name: meta
      sha256: "12307e7f0605ce3da64cf0db90e5fcab0869f3ca03f76be6bb2991ce0a55e82b"
      url: "https://pub.dev"
    source: hosted
    version: "1.9.0"
  ordered_set:
    dependency: transitive
    description:
      name: ordered_set
      sha256: "74b0454418f58c34c8e527d91fb1ef571297dbcd5d3b4e5f983dc884e39cdf85"
      url: "https://pub.dev"
    source: hosted
    version: "5.0.0"
  plugin_platform_interface:
    dependency: transitive
    description:
      name: plugin_platform_interface
      sha256: "6a2128648c854906c53fa8e33986fc0247a1116122f9534dd20e3ab9e16a32bc"
      url: "https://pub.dev"
    source: hosted
    version: "2.1.4"
  simple3d:
    dependency: "direct main"
    description:
      path: "../pkgs/simple3d"
      relative: true
    source: path
    version: "0.0.1"
  sky_engine:
    dependency: transitive
    description: flutter
    source: sdk
    version: "0.0.99"
  url_launcher:
    dependency: "direct main"
    description:
      name: url_launcher
      sha256: "75f2846facd11168d007529d6cd8fcb2b750186bea046af9711f10b907e1587e"
      url: "https://pub.dev"
    source: hosted
    version: "6.1.10"
  url_launcher_android:
    dependency: transitive
    description:
      name: url_launcher_android
      sha256: "1f4d9ebe86f333c15d318f81dcdc08b01d45da44af74552608455ebdc08d9732"
      url: "https://pub.dev"
    source: hosted
    version: "6.0.24"
  url_launcher_ios:
    dependency: transitive
    description:
      name: url_launcher_ios
      sha256: c9cd648d2f7ab56968e049d4e9116f96a85517f1dd806b96a86ea1018a3a82e5
      url: "https://pub.dev"
    source: hosted
    version: "6.1.1"
  url_launcher_linux:
    dependency: transitive
    description:
      name: url_launcher_linux
      sha256: e29039160ab3730e42f3d811dc2a6d5f2864b90a70fb765ea60144b03307f682
      url: "https://pub.dev"
    source: hosted
    version: "3.0.3"
  url_launcher_macos:
    dependency: transitive
    description:
      name: url_launcher_macos
      sha256: "2dddb3291a57b074dade66b5e07e64401dd2487caefd4e9e2f467138d8c7eb06"
      url: "https://pub.dev"
    source: hosted
    version: "3.0.3"
  url_launcher_platform_interface:
    dependency: transitive
    description:
      name: url_launcher_platform_interface
      sha256: "6c9ca697a5ae218ce56cece69d46128169a58aa8653c1b01d26fcd4aad8c4370"
      url: "https://pub.dev"
    source: hosted
    version: "2.1.2"
  url_launcher_web:
    dependency: transitive
    description:
      name: url_launcher_web
      sha256: "574cfbe2390666003c3a1d129bdc4574aaa6728f0c00a4829a81c316de69dd9b"
      url: "https://pub.dev"
    source: hosted
    version: "2.0.15"
  url_launcher_windows:
    dependency: transitive
    description:
      name: url_launcher_windows
      sha256: "97c9067950a0d09cbd93e2e3f0383d1403989362b97102fbf446473a48079a4b"
      url: "https://pub.dev"
    source: hosted
    version: "3.0.4"
  vector_math:
    dependency: transitive
    description:
      name: vector_math
      sha256: "80b3257d1492ce4d091729e3a67a60407d227c27241d6927be0130c98e741803"
      url: "https://pub.dev"
    source: hosted
    version: "2.1.4"
sdks:
  dart: ">=2.19.0 <=3.0.0"
  flutter: ">=3.3.0"
